
Microsoft Visual Studio Solution File, Format Version 12.00
# Visual Studio Version 17
VisualStudioVersion = 17.9.34701.34
MinimumVisualStudioVersion = 10.0.40219.1
Project("{FAE04EC0-301F-11D3-BF4B-00C04F79EFBC}") = "StudentBlazorWebApp.Client", "StudentBlazorWebApp.Client\StudentBlazorWebApp.Client.csproj", "{EBAD2C8F-E229-40AD-86E0-E92A5DA91445}"
EndProject
Project("{FAE04EC0-301F-11D3-BF4B-00C04F79EFBC}") = "StudentBlazorWebApp.Server", "StudentBlazorWebApp.Server\StudentBlazorWebApp.Server.csproj", "{CEFB399A-3361-418A-8B0A-5128E89C3697}"
EndProject
Project("{FAE04EC0-301F-11D3-BF4B-00C04F79EFBC}") = "StudentBlazorWebApp.Shared", "StudentBlazorWebApp.Shared\StudentBlazorWebApp.Shared.csproj", "{83B09290-7476-428A-A074-2CD2E0F7C099}"
EndProject
Global
	GlobalSection(SolutionConfigurationPlatforms) = preSolution
		Debug|Any CPU = Debug|Any CPU
		Release|Any CPU = Release|Any CPU
	EndGlobalSection
	GlobalSection(ProjectConfigurationPlatforms) = postSolution
		{EBAD2C8F-E229-40AD-86E0-E92A5DA91445}.Debug|Any CPU.ActiveCfg = Debug|Any CPU
		{EBAD2C8F-E229-40AD-86E0-E92A5DA91445}.Debug|Any CPU.Build.0 = Debug|Any CPU
		{EBAD2C8F-E229-40AD-86E0-E92A5DA91445}.Release|Any CPU.ActiveCfg = Release|Any CPU
		{EBAD2C8F-E229-40AD-86E0-E92A5DA91445}.Release|Any CPU.Build.0 = Release|Any CPU
		{CEFB399A-3361-418A-8B0A-5128E89C3697}.Debug|Any CPU.ActiveCfg = Debug|Any CPU
		{CEFB399A-3361-418A-8B0A-5128E89C3697}.Debug|Any CPU.Build.0 = Debug|Any CPU
		{CEFB399A-3361-418A-8B0A-5128E89C3697}.Release|Any CPU.ActiveCfg = Release|Any CPU
		{CEFB399A-3361-418A-8B0A-5128E89C3697}.Release|Any CPU.Build.0 = Release|Any CPU
		{83B09290-7476-428A-A074-2CD2E0F7C099}.Debug|Any CPU.ActiveCfg = Debug|Any CPU
		{83B09290-7476-428A-A074-2CD2E0F7C099}.Debug|Any CPU.Build.0 = Debug|Any CPU
		{83B09290-7476-428A-A074-2CD2E0F7C099}.Release|Any CPU.ActiveCfg = Release|Any CPU
		{83B09290-7476-428A-A074-2CD2E0F7C099}.Release|Any CPU.Build.0 = Release|Any CPU
	EndGlobalSection
	GlobalSection(SolutionProperties) = preSolution
		HideSolutionNode = FALSE
	EndGlobalSection
	GlobalSection(ExtensibilityGlobals) = postSolution
		SolutionGuid = {A0A5B54C-32D6-4F5D-B123-D83C8B888AC6}
	EndGlobalSection
EndGlobal
